// !$*UTF8*$!
{
	archiveVersion = 1;
	classes = {
	};
	objectVersion = 46;
	objects = {

/* Begin PBXBuildFile section */
		435286B71677D87200A7E837 /* SenTestingKit.framework in Frameworks */ = {isa = PBXBuildFile; fileRef = 435286B61677D87200A7E837 /* SenTestingKit.framework */; };
		435286B91677D87200A7E837 /* Cocoa.framework in Frameworks */ = {isa = PBXBuildFile; fileRef = 435286B81677D87200A7E837 /* Cocoa.framework */; };
		435286C31677D87200A7E837 /* InfoPlist.strings in Resources */ = {isa = PBXBuildFile; fileRef = 435286C11677D87200A7E837 /* InfoPlist.strings */; };
		435286C61677D87200A7E837 /* HOStringSenseUnitTests.m in Sources */ = {isa = PBXBuildFile; fileRef = 435286C51677D87200A7E837 /* HOStringSenseUnitTests.m */; };
		43BA8625167490550002C238 /* HOPopoverViewController.m in Sources */ = {isa = PBXBuildFile; fileRef = 43BA8624167490550002C238 /* HOPopoverViewController.m */; };
		43F5A61C1677DA71009C8ABE /* HOStringHelper.m in Sources */ = {isa = PBXBuildFile; fileRef = DA37E2DB0E6291C8001BDFEF /* HOStringHelper.m */; };
		43F5A61D1677DA71009C8ABE /* HOStringFrameView.m in Sources */ = {isa = PBXBuildFile; fileRef = 7F6EE2BE15FA6F3B00BA114A /* HOStringFrameView.m */; };
		43F5A61E1677DA71009C8ABE /* HOStringInfoButton.m in Sources */ = {isa = PBXBuildFile; fileRef = 7FDADE3915FA6CA400A847E3 /* HOStringInfoButton.m */; };
		43F5A61F1677DA71009C8ABE /* HOPopoverViewController.m in Sources */ = {isa = PBXBuildFile; fileRef = 43BA8624167490550002C238 /* HOPopoverViewController.m */; };
		7F2EB89C145057F200E97A87 /* AppKit.framework in Frameworks */ = {isa = PBXBuildFile; fileRef = 7F2EB899145057EA00E97A87 /* AppKit.framework */; };
		7F6EE2BF15FA6F3B00BA114A /* HOStringFrameView.m in Sources */ = {isa = PBXBuildFile; fileRef = 7F6EE2BE15FA6F3B00BA114A /* HOStringFrameView.m */; };
		7FDADE3A15FA6CA400A847E3 /* HOStringInfoButton.m in Sources */ = {isa = PBXBuildFile; fileRef = 7FDADE3915FA6CA400A847E3 /* HOStringInfoButton.m */; };
		DA1B5D020E64686800921439 /* Foundation.framework in Frameworks */ = {isa = PBXBuildFile; fileRef = 089C1672FE841209C02AAC07 /* Foundation.framework */; };
		DA37E2DC0E6291C8001BDFEF /* HOStringHelper.m in Sources */ = {isa = PBXBuildFile; fileRef = DA37E2DB0E6291C8001BDFEF /* HOStringHelper.m */; };
/* End PBXBuildFile section */

/* Begin PBXBuildRule section */
		4302EDD316748CAD001E6539 /* PBXBuildRule */ = {
			isa = PBXBuildRule;
			compilerSpec = com.apple.compilers.proxy.script;
			fileType = file.xib;
			isEditable = 1;
			outputFiles = (
			);
			script = "# ibtool\n";
		};
/* End PBXBuildRule section */

/* Begin PBXFileReference section */
		089C1672FE841209C02AAC07 /* Foundation.framework */ = {isa = PBXFileReference; lastKnownFileType = wrapper.framework; name = Foundation.framework; path = /System/Library/Frameworks/Foundation.framework; sourceTree = "<absolute>"; };
		435286B41677D87200A7E837 /* HOStringSenseUnitTests.octest */ = {isa = PBXFileReference; explicitFileType = wrapper.cfbundle; includeInIndex = 0; path = HOStringSenseUnitTests.octest; sourceTree = BUILT_PRODUCTS_DIR; };
		435286B61677D87200A7E837 /* SenTestingKit.framework */ = {isa = PBXFileReference; lastKnownFileType = wrapper.framework; name = SenTestingKit.framework; path = Library/Frameworks/SenTestingKit.framework; sourceTree = DEVELOPER_DIR; };
		435286B81677D87200A7E837 /* Cocoa.framework */ = {isa = PBXFileReference; lastKnownFileType = wrapper.framework; name = Cocoa.framework; path = Library/Frameworks/Cocoa.framework; sourceTree = DEVELOPER_DIR; };
		435286BB1677D87200A7E837 /* AppKit.framework */ = {isa = PBXFileReference; lastKnownFileType = wrapper.framework; name = AppKit.framework; path = Library/Frameworks/AppKit.framework; sourceTree = SDKROOT; };
		435286BC1677D87200A7E837 /* CoreData.framework */ = {isa = PBXFileReference; lastKnownFileType = wrapper.framework; name = CoreData.framework; path = Library/Frameworks/CoreData.framework; sourceTree = SDKROOT; };
		435286BD1677D87200A7E837 /* Foundation.framework */ = {isa = PBXFileReference; lastKnownFileType = wrapper.framework; name = Foundation.framework; path = Library/Frameworks/Foundation.framework; sourceTree = SDKROOT; };
		435286C01677D87200A7E837 /* HOStringSenseUnitTests-Info.plist */ = {isa = PBXFileReference; lastKnownFileType = text.plist.xml; path = "HOStringSenseUnitTests-Info.plist"; sourceTree = "<group>"; };
		435286C21677D87200A7E837 /* en */ = {isa = PBXFileReference; lastKnownFileType = text.plist.strings; name = en; path = en.lproj/InfoPlist.strings; sourceTree = "<group>"; };
		435286C41677D87200A7E837 /* HOStringSenseUnitTests.h */ = {isa = PBXFileReference; lastKnownFileType = sourcecode.c.h; path = HOStringSenseUnitTests.h; sourceTree = "<group>"; };
		435286C51677D87200A7E837 /* HOStringSenseUnitTests.m */ = {isa = PBXFileReference; lastKnownFileType = sourcecode.c.objc; path = HOStringSenseUnitTests.m; sourceTree = "<group>"; };
		435286C71677D87200A7E837 /* HOStringSenseUnitTests-Prefix.pch */ = {isa = PBXFileReference; lastKnownFileType = sourcecode.c.h; path = "HOStringSenseUnitTests-Prefix.pch"; sourceTree = "<group>"; };
		43BA8623167490550002C238 /* HOPopoverViewController.h */ = {isa = PBXFileReference; fileEncoding = 4; lastKnownFileType = sourcecode.c.h; path = HOPopoverViewController.h; sourceTree = "<group>"; };
		43BA8624167490550002C238 /* HOPopoverViewController.m */ = {isa = PBXFileReference; fileEncoding = 4; lastKnownFileType = sourcecode.c.objc; path = HOPopoverViewController.m; sourceTree = "<group>"; };
		43ED5411167509CC00AE1269 /* README.md */ = {isa = PBXFileReference; lastKnownFileType = text; path = README.md; sourceTree = "<group>"; };
		7F2B355F15FA59D000DB3249 /* HOStringHelper.h */ = {isa = PBXFileReference; lastKnownFileType = sourcecode.c.h; path = HOStringHelper.h; sourceTree = "<group>"; };
		7F2EB899145057EA00E97A87 /* AppKit.framework */ = {isa = PBXFileReference; lastKnownFileType = wrapper.framework; name = AppKit.framework; path = System/Library/Frameworks/AppKit.framework; sourceTree = SDKROOT; };
		7F6EE2BD15FA6F3B00BA114A /* HOStringFrameView.h */ = {isa = PBXFileReference; fileEncoding = 4; lastKnownFileType = sourcecode.c.h; path = HOStringFrameView.h; sourceTree = "<group>"; };
		7F6EE2BE15FA6F3B00BA114A /* HOStringFrameView.m */ = {isa = PBXFileReference; fileEncoding = 4; lastKnownFileType = sourcecode.c.objc; path = HOStringFrameView.m; sourceTree = "<group>"; };
		7FDADE3815FA6CA400A847E3 /* HOStringInfoButton.h */ = {isa = PBXFileReference; fileEncoding = 4; lastKnownFileType = sourcecode.c.h; path = HOStringInfoButton.h; sourceTree = "<group>"; };
		7FDADE3915FA6CA400A847E3 /* HOStringInfoButton.m */ = {isa = PBXFileReference; fileEncoding = 4; lastKnownFileType = sourcecode.c.objc; path = HOStringInfoButton.m; sourceTree = "<group>"; };
		8D5B49B6048680CD000E48DA /* HOStringSense.xcplugin */ = {isa = PBXFileReference; explicitFileType = wrapper.cfbundle; includeInIndex = 0; path = HOStringSense.xcplugin; sourceTree = BUILT_PRODUCTS_DIR; };
		8D5B49B7048680CD000E48DA /* Info.plist */ = {isa = PBXFileReference; fileEncoding = 4; lastKnownFileType = text.plist.xml; path = Info.plist; sourceTree = "<group>"; };
		DA37E2DB0E6291C8001BDFEF /* HOStringHelper.m */ = {isa = PBXFileReference; fileEncoding = 4; lastKnownFileType = sourcecode.c.objc; path = HOStringHelper.m; sourceTree = "<group>"; };
/* End PBXFileReference section */

/* Begin PBXFrameworksBuildPhase section */
		435286B01677D87200A7E837 /* Frameworks */ = {
			isa = PBXFrameworksBuildPhase;
			buildActionMask = 2147483647;
			files = (
				435286B71677D87200A7E837 /* SenTestingKit.framework in Frameworks */,
				435286B91677D87200A7E837 /* Cocoa.framework in Frameworks */,
			);
			runOnlyForDeploymentPostprocessing = 0;
		};
		8D5B49B3048680CD000E48DA /* Frameworks */ = {
			isa = PBXFrameworksBuildPhase;
			buildActionMask = 2147483647;
			files = (
				DA1B5D020E64686800921439 /* Foundation.framework in Frameworks */,
				7F2EB89C145057F200E97A87 /* AppKit.framework in Frameworks */,
			);
			runOnlyForDeploymentPostprocessing = 0;
		};
/* End PBXFrameworksBuildPhase section */

/* Begin PBXGroup section */
		089C166AFE841209C02AAC07 /* QuietXcode */ = {
			isa = PBXGroup;
			children = (
				43ED5411167509CC00AE1269 /* README.md */,
				7F411B0C15FABAC6002F77B6 /* Classes */,
				089C167CFE841241C02AAC07 /* Resources */,
				089C1671FE841209C02AAC07 /* Frameworks and Libraries */,
				435286BE1677D87200A7E837 /* HOStringSenseUnitTests */,
				435286B51677D87200A7E837 /* Frameworks */,
				19C28FB8FE9D52D311CA2CBB /* Products */,
			);
			indentWidth = 4;
			name = QuietXcode;
			sourceTree = "<group>";
		};
		089C1671FE841209C02AAC07 /* Frameworks and Libraries */ = {
			isa = PBXGroup;
			children = (
				7F2EB899145057EA00E97A87 /* AppKit.framework */,
				089C1672FE841209C02AAC07 /* Foundation.framework */,
			);
			name = "Frameworks and Libraries";
			sourceTree = "<group>";
		};
		089C167CFE841241C02AAC07 /* Resources */ = {
			isa = PBXGroup;
			children = (
				8D5B49B7048680CD000E48DA /* Info.plist */,
			);
			name = Resources;
			sourceTree = "<group>";
		};
		19C28FB8FE9D52D311CA2CBB /* Products */ = {
			isa = PBXGroup;
			children = (
				8D5B49B6048680CD000E48DA /* HOStringSense.xcplugin */,
				435286B41677D87200A7E837 /* HOStringSenseUnitTests.octest */,
			);
			name = Products;
			sourceTree = "<group>";
		};
		435286B51677D87200A7E837 /* Frameworks */ = {
			isa = PBXGroup;
			children = (
				435286B61677D87200A7E837 /* SenTestingKit.framework */,
				435286B81677D87200A7E837 /* Cocoa.framework */,
				435286BA1677D87200A7E837 /* Other Frameworks */,
			);
			name = Frameworks;
			sourceTree = "<group>";
		};
		435286BA1677D87200A7E837 /* Other Frameworks */ = {
			isa = PBXGroup;
			children = (
				435286BB1677D87200A7E837 /* AppKit.framework */,
				435286BC1677D87200A7E837 /* CoreData.framework */,
				435286BD1677D87200A7E837 /* Foundation.framework */,
			);
			name = "Other Frameworks";
			sourceTree = "<group>";
		};
		435286BE1677D87200A7E837 /* HOStringSenseUnitTests */ = {
			isa = PBXGroup;
			children = (
				435286C41677D87200A7E837 /* HOStringSenseUnitTests.h */,
				435286C51677D87200A7E837 /* HOStringSenseUnitTests.m */,
				435286BF1677D87200A7E837 /* Supporting Files */,
			);
			path = HOStringSenseUnitTests;
			sourceTree = "<group>";
		};
		435286BF1677D87200A7E837 /* Supporting Files */ = {
			isa = PBXGroup;
			children = (
				435286C01677D87200A7E837 /* HOStringSenseUnitTests-Info.plist */,
				435286C11677D87200A7E837 /* InfoPlist.strings */,
				435286C71677D87200A7E837 /* HOStringSenseUnitTests-Prefix.pch */,
			);
			name = "Supporting Files";
			sourceTree = "<group>";
		};
		7F411B0C15FABAC6002F77B6 /* Classes */ = {
			isa = PBXGroup;
			children = (
				7F2B355F15FA59D000DB3249 /* HOStringHelper.h */,
				DA37E2DB0E6291C8001BDFEF /* HOStringHelper.m */,
				7F6EE2BD15FA6F3B00BA114A /* HOStringFrameView.h */,
				7F6EE2BE15FA6F3B00BA114A /* HOStringFrameView.m */,
				7FDADE3815FA6CA400A847E3 /* HOStringInfoButton.h */,
				7FDADE3915FA6CA400A847E3 /* HOStringInfoButton.m */,
				43BA8623167490550002C238 /* HOPopoverViewController.h */,
				43BA8624167490550002C238 /* HOPopoverViewController.m */,
			);
			path = Classes;
			sourceTree = "<group>";
		};
/* End PBXGroup section */

/* Begin PBXNativeTarget section */
		435286B31677D87200A7E837 /* HOStringSenseUnitTests */ = {
			isa = PBXNativeTarget;
			buildConfigurationList = 435286C91677D87200A7E837 /* Build configuration list for PBXNativeTarget "HOStringSenseUnitTests" */;
			buildPhases = (
				435286AF1677D87200A7E837 /* Sources */,
				435286B01677D87200A7E837 /* Frameworks */,
				435286B11677D87200A7E837 /* Resources */,
				435286B21677D87200A7E837 /* ShellScript */,
			);
			buildRules = (
			);
			dependencies = (
			);
			name = HOStringSenseUnitTests;
			productName = HOStringSenseUnitTests;
			productReference = 435286B41677D87200A7E837 /* HOStringSenseUnitTests.octest */;
			productType = "com.apple.product-type.bundle.ocunit-test";
		};
		8D5B49AC048680CD000E48DA /* HOStringSense */ = {
			isa = PBXNativeTarget;
			buildConfigurationList = 1DEB913A08733D840010E9CD /* Build configuration list for PBXNativeTarget "HOStringSense" */;
			buildPhases = (
				8D5B49B1048680CD000E48DA /* Sources */,
				4302EDD516748D08001E6539 /* Resources */,
				8D5B49B3048680CD000E48DA /* Frameworks */,
			);
			buildRules = (
				4302EDD316748CAD001E6539 /* PBXBuildRule */,
			);
			dependencies = (
			);
			name = HOStringSense;
			productInstallPath = "$(HOME)/Library/Bundles";
			productName = QuietXcode;
			productReference = 8D5B49B6048680CD000E48DA /* HOStringSense.xcplugin */;
			productType = "com.apple.product-type.bundle";
		};
/* End PBXNativeTarget section */

/* Begin PBXProject section */
		089C1669FE841209C02AAC07 /* Project object */ = {
			isa = PBXProject;
			attributes = {
				LastTestingUpgradeCheck = 0610;
				LastUpgradeCheck = 0510;
			};
			buildConfigurationList = 1DEB913E08733D840010E9CD /* Build configuration list for PBXProject "HOStringSense" */;
			compatibilityVersion = "Xcode 3.2";
			developmentRegion = English;
			hasScannedForEncodings = 1;
			knownRegions = (
				English,
				Japanese,
				French,
				German,
				en,
			);
			mainGroup = 089C166AFE841209C02AAC07 /* QuietXcode */;
			projectDirPath = "";
			projectRoot = "";
			targets = (
				8D5B49AC048680CD000E48DA /* HOStringSense */,
				435286B31677D87200A7E837 /* HOStringSenseUnitTests */,
			);
		};
/* End PBXProject section */

/* Begin PBXResourcesBuildPhase section */
		4302EDD516748D08001E6539 /* Resources */ = {
			isa = PBXResourcesBuildPhase;
			buildActionMask = 2147483647;
			files = (
			);
			runOnlyForDeploymentPostprocessing = 0;
		};
		435286B11677D87200A7E837 /* Resources */ = {
			isa = PBXResourcesBuildPhase;
			buildActionMask = 2147483647;
			files = (
				435286C31677D87200A7E837 /* InfoPlist.strings in Resources */,
			);
			runOnlyForDeploymentPostprocessing = 0;
		};
/* End PBXResourcesBuildPhase section */

/* Begin PBXShellScriptBuildPhase section */
		435286B21677D87200A7E837 /* ShellScript */ = {
			isa = PBXShellScriptBuildPhase;
			buildActionMask = 2147483647;
			files = (
			);
			inputPaths = (
			);
			outputPaths = (
			);
			runOnlyForDeploymentPostprocessing = 0;
			shellPath = /bin/sh;
			shellScript = "# Run the unit tests in this test bundle.\n\"${SYSTEM_DEVELOPER_DIR}/Tools/RunUnitTests\"\n";
		};
/* End PBXShellScriptBuildPhase section */

/* Begin PBXSourcesBuildPhase section */
		435286AF1677D87200A7E837 /* Sources */ = {
			isa = PBXSourcesBuildPhase;
			buildActionMask = 2147483647;
			files = (
				435286C61677D87200A7E837 /* HOStringSenseUnitTests.m in Sources */,
				43F5A61C1677DA71009C8ABE /* HOStringHelper.m in Sources */,
				43F5A61D1677DA71009C8ABE /* HOStringFrameView.m in Sources */,
				43F5A61E1677DA71009C8ABE /* HOStringInfoButton.m in Sources */,
				43F5A61F1677DA71009C8ABE /* HOPopoverViewController.m in Sources */,
			);
			runOnlyForDeploymentPostprocessing = 0;
		};
		8D5B49B1048680CD000E48DA /* Sources */ = {
			isa = PBXSourcesBuildPhase;
			buildActionMask = 2147483647;
			files = (
				DA37E2DC0E6291C8001BDFEF /* HOStringHelper.m in Sources */,
				7FDADE3A15FA6CA400A847E3 /* HOStringInfoButton.m in Sources */,
				7F6EE2BF15FA6F3B00BA114A /* HOStringFrameView.m in Sources */,
				43BA8625167490550002C238 /* HOPopoverViewController.m in Sources */,
			);
			runOnlyForDeploymentPostprocessing = 0;
		};
/* End PBXSourcesBuildPhase section */

/* Begin PBXVariantGroup section */
		435286C11677D87200A7E837 /* InfoPlist.strings */ = {
			isa = PBXVariantGroup;
			children = (
				435286C21677D87200A7E837 /* en */,
			);
			name = InfoPlist.strings;
			sourceTree = "<group>";
		};
/* End PBXVariantGroup section */

/* Begin XCBuildConfiguration section */
		1DEB913B08733D840010E9CD /* Debug */ = {
			isa = XCBuildConfiguration;
			buildSettings = {
				ALWAYS_SEARCH_USER_PATHS = NO;
				CLANG_ENABLE_OBJC_ARC = YES;
				COMBINE_HIDPI_IMAGES = YES;
				COPY_PHASE_STRIP = NO;
				DEPLOYMENT_LOCATION = YES;
				DEPLOYMENT_POSTPROCESSING = YES;
				DSTROOT = "$(HOME)";
				GCC_DYNAMIC_NO_PIC = NO;
				GCC_ENABLE_OBJC_GC = unsupported;
				GCC_MODEL_TUNING = G5;
				GCC_OPTIMIZATION_LEVEL = 0;
				INFOPLIST_FILE = Info.plist;
				INSTALL_PATH = "/Library/Application Support/Developer/Shared/Xcode/Plug-ins";
				LD_RUNPATH_SEARCH_PATHS = /Developer;
				PRODUCT_NAME = HOStringSense;
				STRIP_INSTALLED_PRODUCT = NO;
				WRAPPER_EXTENSION = xcplugin;
			};
			name = Debug;
		};
		1DEB913F08733D840010E9CD /* Debug */ = {
			isa = XCBuildConfiguration;
			buildSettings = {
				CURRENT_PROJECT_VERSION = 1.0.1;
				GCC_C_LANGUAGE_STANDARD = c99;
				GCC_OPTIMIZATION_LEVEL = 0;
				GCC_WARN_ABOUT_RETURN_TYPE = YES;
				GCC_WARN_UNUSED_VARIABLE = YES;
				INSTALL_PATH = "$(HOME)/Library/Application Support/Developer/Shared/Xcode/Plug-ins";
				MACOSX_DEPLOYMENT_TARGET = 10.7;
				ONLY_ACTIVE_ARCH = YES;
				SDKROOT = macosx;
			};
			name = Debug;
		};
		435286C81677D87200A7E837 /* Debug */ = {
			isa = XCBuildConfiguration;
			buildSettings = {
				ALWAYS_SEARCH_USER_PATHS = NO;
				CLANG_CXX_LANGUAGE_STANDARD = "gnu++0x";
				CLANG_CXX_LIBRARY = "libc++";
				CLANG_WARN_EMPTY_BODY = YES;
				CLANG_WARN__DUPLICATE_METHOD_MATCH = YES;
				COMBINE_HIDPI_IMAGES = YES;
				COPY_PHASE_STRIP = NO;
				FRAMEWORK_SEARCH_PATHS = "\"$(DEVELOPER_LIBRARY_DIR)/Frameworks\"";
				GCC_C_LANGUAGE_STANDARD = gnu99;
				GCC_DYNAMIC_NO_PIC = NO;
				GCC_ENABLE_OBJC_EXCEPTIONS = YES;
				GCC_PRECOMPILE_PREFIX_HEADER = YES;
				GCC_PREFIX_HEADER = "HOStringSenseUnitTests/HOStringSenseUnitTests-Prefix.pch";
				GCC_PREPROCESSOR_DEFINITIONS = (
					"DEBUG=1",
					"$(inherited)",
				);
				GCC_SYMBOLS_PRIVATE_EXTERN = NO;
				GCC_WARN_64_TO_32_BIT_CONVERSION = YES;
				GCC_WARN_UNINITIALIZED_AUTOS = YES;
				INFOPLIST_FILE = "HOStringSenseUnitTests/HOStringSenseUnitTests-Info.plist";
				MACOSX_DEPLOYMENT_TARGET = 10.8;
				ONLY_ACTIVE_ARCH = YES;
				PRODUCT_NAME = "$(TARGET_NAME)";
				WRAPPER_EXTENSION = octest;
			};
			name = Debug;
		};
/* End XCBuildConfiguration section */

/* Begin XCConfigurationList section */
		1DEB913A08733D840010E9CD /* Build configuration list for PBXNativeTarget "HOStringSense" */ = {
			isa = XCConfigurationList;
			buildConfigurations = (
				1DEB913B08733D840010E9CD /* Debug */,
			);
			defaultConfigurationIsVisible = 0;
			defaultConfigurationName = Debug;
		};
		1DEB913E08733D840010E9CD /* Build configuration list for PBXProject "HOStringSense" */ = {
			isa = XCConfigurationList;
			buildConfigurations = (
				1DEB913F08733D840010E9CD /* Debug */,
			);
			defaultConfigurationIsVisible = 0;
			defaultConfigurationName = Debug;
		};
		435286C91677D87200A7E837 /* Build configuration list for PBXNativeTarget "HOStringSenseUnitTests" */ = {
			isa = XCConfigurationList;
			buildConfigurations = (
				435286C81677D87200A7E837 /* Debug */,
			);
			defaultConfigurationIsVisible = 0;
			defaultConfigurationName = Debug;
		};
/* End XCConfigurationList section */
	};
	rootObject = 089C1669FE841209C02AAC07 /* Project object */;
}
