// !$*UTF8*$!
{
	archiveVersion = 1;
	classes = {
	};
	objectVersion = 46;
	objects = {

/* Begin PBXBuildFile section */
		7F2EB89C145057F200E97A87 /* AppKit.framework in Frameworks */ = {isa = PBXBuildFile; fileRef = 7F2EB899145057EA00E97A87 /* AppKit.framework */; };
		7F6EE2BF15FA6F3B00BA114A /* OMColorFrameView.m in Sources */ = {isa = PBXBuildFile; fileRef = 7F6EE2BE15FA6F3B00BA114A /* OMColorFrameView.m */; };
		7FDADE3A15FA6CA400A847E3 /* OMPlainColorWell.m in Sources */ = {isa = PBXBuildFile; fileRef = 7FDADE3915FA6CA400A847E3 /* OMPlainColorWell.m */; };
		DA1B5D020E64686800921439 /* Foundation.framework in Frameworks */ = {isa = PBXBuildFile; fileRef = 089C1672FE841209C02AAC07 /* Foundation.framework */; };
		DA37E2DC0E6291C8001BDFEF /* OMColorHelper.m in Sources */ = {isa = PBXBuildFile; fileRef = DA37E2DB0E6291C8001BDFEF /* OMColorHelper.m */; };
/* End PBXBuildFile section */

/* Begin PBXFileReference section */
		089C1672FE841209C02AAC07 /* Foundation.framework */ = {isa = PBXFileReference; lastKnownFileType = wrapper.framework; name = Foundation.framework; path = /System/Library/Frameworks/Foundation.framework; sourceTree = "<absolute>"; };
		7F2B355F15FA59D000DB3249 /* OMColorHelper.h */ = {isa = PBXFileReference; lastKnownFileType = sourcecode.c.h; path = OMColorHelper.h; sourceTree = "<group>"; };
		7F2EB899145057EA00E97A87 /* AppKit.framework */ = {isa = PBXFileReference; lastKnownFileType = wrapper.framework; name = AppKit.framework; path = System/Library/Frameworks/AppKit.framework; sourceTree = SDKROOT; };
		7F6EE2BD15FA6F3B00BA114A /* OMColorFrameView.h */ = {isa = PBXFileReference; fileEncoding = 4; lastKnownFileType = sourcecode.c.h; path = OMColorFrameView.h; sourceTree = "<group>"; };
		7F6EE2BE15FA6F3B00BA114A /* OMColorFrameView.m */ = {isa = PBXFileReference; fileEncoding = 4; lastKnownFileType = sourcecode.c.objc; path = OMColorFrameView.m; sourceTree = "<group>"; };
		7FDADE3815FA6CA400A847E3 /* OMPlainColorWell.h */ = {isa = PBXFileReference; fileEncoding = 4; lastKnownFileType = sourcecode.c.h; path = OMPlainColorWell.h; sourceTree = "<group>"; };
		7FDADE3915FA6CA400A847E3 /* OMPlainColorWell.m */ = {isa = PBXFileReference; fileEncoding = 4; lastKnownFileType = sourcecode.c.objc; path = OMPlainColorWell.m; sourceTree = "<group>"; };
		8D5B49B6048680CD000E48DA /* OMColorSense.xcplugin */ = {isa = PBXFileReference; explicitFileType = wrapper.cfbundle; includeInIndex = 0; path = OMColorSense.xcplugin; sourceTree = BUILT_PRODUCTS_DIR; };
		8D5B49B7048680CD000E48DA /* Info.plist */ = {isa = PBXFileReference; fileEncoding = 4; lastKnownFileType = text.plist.xml; path = Info.plist; sourceTree = "<group>"; };
		DA37E2DB0E6291C8001BDFEF /* OMColorHelper.m */ = {isa = PBXFileReference; fileEncoding = 4; lastKnownFileType = sourcecode.c.objc; path = OMColorHelper.m; sourceTree = "<group>"; };
/* End PBXFileReference section */

/* Begin PBXFrameworksBuildPhase section */
		8D5B49B3048680CD000E48DA /* Frameworks */ = {
			isa = PBXFrameworksBuildPhase;
			buildActionMask = 2147483647;
			files = (
				DA1B5D020E64686800921439 /* Foundation.framework in Frameworks */,
				7F2EB89C145057F200E97A87 /* AppKit.framework in Frameworks */,
			);
			runOnlyForDeploymentPostprocessing = 0;
		};
/* End PBXFrameworksBuildPhase section */

/* Begin PBXGroup section */
		089C166AFE841209C02AAC07 /* QuietXcode */ = {
			isa = PBXGroup;
			children = (
				7F411B0C15FABAC6002F77B6 /* Classes */,
				089C167CFE841241C02AAC07 /* Resources */,
				089C1671FE841209C02AAC07 /* Frameworks and Libraries */,
				19C28FB8FE9D52D311CA2CBB /* Products */,
			);
			name = QuietXcode;
			sourceTree = "<group>";
		};
		089C1671FE841209C02AAC07 /* Frameworks and Libraries */ = {
			isa = PBXGroup;
			children = (
				7F2EB899145057EA00E97A87 /* AppKit.framework */,
				089C1672FE841209C02AAC07 /* Foundation.framework */,
			);
			name = "Frameworks and Libraries";
			sourceTree = "<group>";
		};
		089C167CFE841241C02AAC07 /* Resources */ = {
			isa = PBXGroup;
			children = (
				8D5B49B7048680CD000E48DA /* Info.plist */,
			);
			name = Resources;
			sourceTree = "<group>";
		};
		19C28FB8FE9D52D311CA2CBB /* Products */ = {
			isa = PBXGroup;
			children = (
				8D5B49B6048680CD000E48DA /* OMColorSense.xcplugin */,
			);
			name = Products;
			sourceTree = "<group>";
		};
		7F411B0C15FABAC6002F77B6 /* Classes */ = {
			isa = PBXGroup;
			children = (
				7F2B355F15FA59D000DB3249 /* OMColorHelper.h */,
				DA37E2DB0E6291C8001BDFEF /* OMColorHelper.m */,
				7F6EE2BD15FA6F3B00BA114A /* OMColorFrameView.h */,
				7F6EE2BE15FA6F3B00BA114A /* OMColorFrameView.m */,
				7FDADE3815FA6CA400A847E3 /* OMPlainColorWell.h */,
				7FDADE3915FA6CA400A847E3 /* OMPlainColorWell.m */,
			);
			path = Classes;
			sourceTree = "<group>";
		};
/* End PBXGroup section */

/* Begin PBXNativeTarget section */
		8D5B49AC048680CD000E48DA /* OMColorSense */ = {
			isa = PBXNativeTarget;
			buildConfigurationList = 1DEB913A08733D840010E9CD /* Build configuration list for PBXNativeTarget "OMColorSense" */;
			buildPhases = (
				7F1DE9FB1B10AF0900B6CBA8 /* ShellScript */,
				8D5B49B1048680CD000E48DA /* Sources */,
				8D5B49B3048680CD000E48DA /* Frameworks */,
			);
			buildRules = (
			);
			dependencies = (
			);
			name = OMColorSense;
			productInstallPath = "$(HOME)/Library/Bundles";
			productName = QuietXcode;
			productReference = 8D5B49B6048680CD000E48DA /* OMColorSense.xcplugin */;
			productType = "com.apple.product-type.bundle";
		};
/* End PBXNativeTarget section */

/* Begin PBXProject section */
		089C1669FE841209C02AAC07 /* Project object */ = {
			isa = PBXProject;
			attributes = {
				LastUpgradeCheck = 0440;
			};
			buildConfigurationList = 1DEB913E08733D840010E9CD /* Build configuration list for PBXProject "OMColorSense" */;
			compatibilityVersion = "Xcode 3.2";
			developmentRegion = English;
			hasScannedForEncodings = 1;
			knownRegions = (
				English,
				Japanese,
				French,
				German,
			);
			mainGroup = 089C166AFE841209C02AAC07 /* QuietXcode */;
			projectDirPath = "";
			projectRoot = "";
			targets = (
				8D5B49AC048680CD000E48DA /* OMColorSense */,
			);
		};
/* End PBXProject section */

/* Begin PBXShellScriptBuildPhase section */
		7F1DE9FB1B10AF0900B6CBA8 /* ShellScript */ = {
			isa = PBXShellScriptBuildPhase;
			buildActionMask = 2147483647;
			files = (
			);
			inputPaths = (
			);
			outputPaths = (
			);
			runOnlyForDeploymentPostprocessing = 0;
			shellPath = /usr/bin/python;
			shellScript = "# Get the compatibility UUID from the current version of Xcode and update\n# the plugin's Info.plist accordingly:\n\nimport os\nimport plistlib\nimport subprocess\n\ndev_path = subprocess.check_output(['xcode-select', '-p']).strip()\nxcode_info_path = os.path.abspath(os.path.join(dev_path, '../Info'))\ncompat_uuid = subprocess.check_output(['defaults', 'read', xcode_info_path, 'DVTPlugInCompatibilityUUID']).strip()\ninfo_plist_path = os.path.join(os.getenv('BUILT_PRODUCTS_DIR'), 'OMColorSense.xcplugin/Contents/Info.plist')\ninfo =  plistlib.readPlist(info_plist_path)\ninfo['DVTPlugInCompatibilityUUIDs'] = [compat_uuid]\nplistlib.writePlist(info, info_plist_path)\n";
		};
/* End PBXShellScriptBuildPhase section */

/* Begin PBXSourcesBuildPhase section */
		8D5B49B1048680CD000E48DA /* Sources */ = {
			isa = PBXSourcesBuildPhase;
			buildActionMask = 2147483647;
			files = (
				DA37E2DC0E6291C8001BDFEF /* OMColorHelper.m in Sources */,
				7FDADE3A15FA6CA400A847E3 /* OMPlainColorWell.m in Sources */,
				7F6EE2BF15FA6F3B00BA114A /* OMColorFrameView.m in Sources */,
			);
			runOnlyForDeploymentPostprocessing = 0;
		};
/* End PBXSourcesBuildPhase section */

/* Begin XCBuildConfiguration section */
		1DEB913B08733D840010E9CD /* Debug */ = {
			isa = XCBuildConfiguration;
			buildSettings = {
				ALWAYS_SEARCH_USER_PATHS = NO;
				ARCHS = "$(ARCHS_STANDARD_64_BIT)";
				CLANG_ENABLE_OBJC_ARC = YES;
				COMBINE_HIDPI_IMAGES = YES;
				COPY_PHASE_STRIP = NO;
				DEPLOYMENT_LOCATION = YES;
				DEPLOYMENT_POSTPROCESSING = YES;
				DSTROOT = "$(HOME)";
				GCC_DYNAMIC_NO_PIC = NO;
				GCC_ENABLE_OBJC_GC = unsupported;
				GCC_MODEL_TUNING = G5;
				GCC_OPTIMIZATION_LEVEL = 0;
				INFOPLIST_FILE = Info.plist;
				INSTALL_PATH = "/Library/Application Support/Developer/Shared/Xcode/Plug-ins";
				LD_RUNPATH_SEARCH_PATHS = /Developer;
				PRODUCT_NAME = OMColorSense;
				STRIP_INSTALLED_PRODUCT = NO;
				WRAPPER_EXTENSION = xcplugin;
			};
			name = Debug;
		};
		1DEB913F08733D840010E9CD /* Debug */ = {
			isa = XCBuildConfiguration;
			buildSettings = {
				ARCHS = "$(ARCHS_STANDARD_32_64_BIT)";
				CURRENT_PROJECT_VERSION = 1.0.1;
				GCC_C_LANGUAGE_STANDARD = c99;
				GCC_OPTIMIZATION_LEVEL = 0;
				GCC_WARN_ABOUT_RETURN_TYPE = YES;
				GCC_WARN_UNUSED_VARIABLE = YES;
				INSTALL_PATH = "$(HOME)/Library/Application Support/Developer/Shared/Xcode/Plug-ins";
				MACOSX_DEPLOYMENT_TARGET = 10.7;
				SDKROOT = macosx;
			};
			name = Debug;
		};
/* End XCBuildConfiguration section */

/* Begin XCConfigurationList section */
		1DEB913A08733D840010E9CD /* Build configuration list for PBXNativeTarget "OMColorSense" */ = {
			isa = XCConfigurationList;
			buildConfigurations = (
				1DEB913B08733D840010E9CD /* Debug */,
			);
			defaultConfigurationIsVisible = 0;
			defaultConfigurationName = Debug;
		};
		1DEB913E08733D840010E9CD /* Build configuration list for PBXProject "OMColorSense" */ = {
			isa = XCConfigurationList;
			buildConfigurations = (
				1DEB913F08733D840010E9CD /* Debug */,
			);
			defaultConfigurationIsVisible = 0;
			defaultConfigurationName = Debug;
		};
/* End XCConfigurationList section */
	};
	rootObject = 089C1669FE841209C02AAC07 /* Project object */;
}
